// !$*UTF8*$!
{
	archiveVersion = 1;
	classes = {
	};
	objectVersion = 46;
	objects = {

/* Begin PBXBuildFile section */
		75E5765C1B7D202A00C58009 /* AppDelegate.swift in Sources */ = {isa = PBXBuildFile; fileRef = 75E5765B1B7D202A00C58009 /* AppDelegate.swift */; };
		75E5765E1B7D202A00C58009 /* ViewController.swift in Sources */ = {isa = PBXBuildFile; fileRef = 75E5765D1B7D202A00C58009 /* ViewController.swift */; };
		75E576611B7D202A00C58009 /* Main.storyboard in Resources */ = {isa = PBXBuildFile; fileRef = 75E5765F1B7D202A00C58009 /* Main.storyboard */; };
		75E576641B7D202A00C58009 /* HitList.xcdatamodeld in Sources */ = {isa = PBXBuildFile; fileRef = 75E576621B7D202A00C58009 /* HitList.xcdatamodeld */; };
		75E576661B7D202A00C58009 /* Assets.xcassets in Resources */ = {isa = PBXBuildFile; fileRef = 75E576651B7D202A00C58009 /* Assets.xcassets */; };
		75E576691B7D202A00C58009 /* LaunchScreen.storyboard in Resources */ = {isa = PBXBuildFile; fileRef = 75E576671B7D202A00C58009 /* LaunchScreen.storyboard */; };
		75FB71081B7D872100740A79 /* Person+CoreDataProperties.swift in Sources */ = {isa = PBXBuildFile; fileRef = 75FB71061B7D872100740A79 /* Person+CoreDataProperties.swift */; };
		75FB71091B7D872100740A79 /* Person.swift in Sources */ = {isa = PBXBuildFile; fileRef = 75FB71071B7D872100740A79 /* Person.swift */; };
/* End PBXBuildFile section */

/* Begin PBXFileReference section */
		75E576581B7D202A00C58009 /* HitList.app */ = {isa = PBXFileReference; explicitFileType = wrapper.application; includeInIndex = 0; path = HitList.app; sourceTree = BUILT_PRODUCTS_DIR; };
		75E5765B1B7D202A00C58009 /* AppDelegate.swift */ = {isa = PBXFileReference; lastKnownFileType = sourcecode.swift; path = AppDelegate.swift; sourceTree = "<group>"; };
		75E5765D1B7D202A00C58009 /* ViewController.swift */ = {isa = PBXFileReference; lastKnownFileType = sourcecode.swift; path = ViewController.swift; sourceTree = "<group>"; };
		75E576601B7D202A00C58009 /* Base */ = {isa = PBXFileReference; lastKnownFileType = file.storyboard; name = Base; path = Base.lproj/Main.storyboard; sourceTree = "<group>"; };
		75E576631B7D202A00C58009 /* HitList.xcdatamodel */ = {isa = PBXFileReference; lastKnownFileType = wrapper.xcdatamodel; path = HitList.xcdatamodel; sourceTree = "<group>"; };
		75E576651B7D202A00C58009 /* Assets.xcassets */ = {isa = PBXFileReference; lastKnownFileType = folder.assetcatalog; path = Assets.xcassets; sourceTree = "<group>"; };
		75E576681B7D202A00C58009 /* Base */ = {isa = PBXFileReference; lastKnownFileType = file.storyboard; name = Base; path = Base.lproj/LaunchScreen.storyboard; sourceTree = "<group>"; };
		75E5766A1B7D202A00C58009 /* Info.plist */ = {isa = PBXFileReference; lastKnownFileType = text.plist.xml; path = Info.plist; sourceTree = "<group>"; };
		75FB71011B7D86E600740A79 /* HitList-Bridging-Header.h */ = {isa = PBXFileReference; lastKnownFileType = sourcecode.c.h; path = "HitList-Bridging-Header.h"; sourceTree = "<group>"; };
		75FB71061B7D872100740A79 /* Person+CoreDataProperties.swift */ = {isa = PBXFileReference; fileEncoding = 4; lastKnownFileType = sourcecode.swift; name = "Person+CoreDataProperties.swift"; path = "../Person+CoreDataProperties.swift"; sourceTree = "<group>"; };
		75FB71071B7D872100740A79 /* Person.swift */ = {isa = PBXFileReference; fileEncoding = 4; lastKnownFileType = sourcecode.swift; name = Person.swift; path = ../Person.swift; sourceTree = "<group>"; };
/* End PBXFileReference section */

/* Begin PBXFrameworksBuildPhase section */
		75E576551B7D202A00C58009 /* Frameworks */ = {
			isa = PBXFrameworksBuildPhase;
			buildActionMask = 2147483647;
			files = (
			);
			runOnlyForDeploymentPostprocessing = 0;
		};
/* End PBXFrameworksBuildPhase section */

/* Begin PBXGroup section */
		75E5764F1B7D202A00C58009 = {
			isa = PBXGroup;
			children = (
				75E5765A1B7D202A00C58009 /* HitList */,
				75E576591B7D202A00C58009 /* Products */,
				75FB71011B7D86E600740A79 /* HitList-Bridging-Header.h */,
			);
			sourceTree = "<group>";
		};
		75E576591B7D202A00C58009 /* Products */ = {
			isa = PBXGroup;
			children = (
				75E576581B7D202A00C58009 /* HitList.app */,
			);
			name = Products;
			sourceTree = "<group>";
		};
		75E5765A1B7D202A00C58009 /* HitList */ = {
			isa = PBXGroup;
			children = (
				75FB71061B7D872100740A79 /* Person+CoreDataProperties.swift */,
				75FB71071B7D872100740A79 /* Person.swift */,
				75E5765B1B7D202A00C58009 /* AppDelegate.swift */,
				75E5765D1B7D202A00C58009 /* ViewController.swift */,
				75E5765F1B7D202A00C58009 /* Main.storyboard */,
				75E576651B7D202A00C58009 /* Assets.xcassets */,
				75E576671B7D202A00C58009 /* LaunchScreen.storyboard */,
				75E5766A1B7D202A00C58009 /* Info.plist */,
				75E576621B7D202A00C58009 /* HitList.xcdatamodeld */,
			);
			path = HitList;
			sourceTree = "<group>";
		};
/* End PBXGroup section */

/* Begin PBXNativeTarget section */
		75E576571B7D202A00C58009 /* HitList */ = {
			isa = PBXNativeTarget;
			buildConfigurationList = 75E5766D1B7D202A00C58009 /* Build configuration list for PBXNativeTarget "HitList" */;
			buildPhases = (
				75E576541B7D202A00C58009 /* Sources */,
				75E576551B7D202A00C58009 /* Frameworks */,
				75E576561B7D202A00C58009 /* Resources */,
			);
			buildRules = (
			);
			dependencies = (
			);
			name = HitList;
			productName = HitList;
			productReference = 75E576581B7D202A00C58009 /* HitList.app */;
			productType = "com.apple.product-type.application";
		};
/* End PBXNativeTarget section */

/* Begin PBXProject section */
		75E576501B7D202A00C58009 /* Project object */ = {
			isa = PBXProject;
			attributes = {
				LastSwiftUpdateCheck = 0700;
				LastUpgradeCheck = 0700;
				ORGANIZATIONNAME = "Jeff Greenberg";
				TargetAttributes = {
					75E576571B7D202A00C58009 = {
						CreatedOnToolsVersion = 7.0;
					};
				};
			};
			buildConfigurationList = 75E576531B7D202A00C58009 /* Build configuration list for PBXProject "HitList" */;
			compatibilityVersion = "Xcode 3.2";
			developmentRegion = English;
			hasScannedForEncodings = 0;
			knownRegions = (
				en,
				Base,
			);
			mainGroup = 75E5764F1B7D202A00C58009;
			productRefGroup = 75E576591B7D202A00C58009 /* Products */;
			projectDirPath = "";
			projectRoot = "";
			targets = (
				75E576571B7D202A00C58009 /* HitList */,
			);
		};
/* End PBXProject section */

/* Begin PBXResourcesBuildPhase section */
		75E576561B7D202A00C58009 /* Resources */ = {
			isa = PBXResourcesBuildPhase;
			buildActionMask = 2147483647;
			files = (
				75E576691B7D202A00C58009 /* LaunchScreen.storyboard in Resources */,
				75E576661B7D202A00C58009 /* Assets.xcassets in Resources */,
				75E576611B7D202A00C58009 /* Main.storyboard in Resources */,
			);
			runOnlyForDeploymentPostprocessing = 0;
		};
/* End PBXResourcesBuildPhase section */

/* Begin PBXSourcesBuildPhase section */
		75E576541B7D202A00C58009 /* Sources */ = {
			isa = PBXSourcesBuildPhase;
			buildActionMask = 2147483647;
			files = (
				75FB71091B7D872100740A79 /* Person.swift in Sources */,
				75FB71081B7D872100740A79 /* Person+CoreDataProperties.swift in Sources */,
				75E576641B7D202A00C58009 /* HitList.xcdatamodeld in Sources */,
				75E5765E1B7D202A00C58009 /* ViewController.swift in Sources */,
				75E5765C1B7D202A00C58009 /* AppDelegate.swift in Sources */,
			);
			runOnlyForDeploymentPostprocessing = 0;
		};
/* End PBXSourcesBuildPhase section */

/* Begin PBXVariantGroup section */
		75E5765F1B7D202A00C58009 /* Main.storyboard */ = {
			isa = PBXVariantGroup;
			children = (
				75E576601B7D202A00C58009 /* Base */,
			);
			name = Main.storyboard;
			sourceTree = "<group>";
		};
		75E576671B7D202A00C58009 /* LaunchScreen.storyboard */ = {
			isa = PBXVariantGroup;
			children = (
				75E576681B7D202A00C58009 /* Base */,
			);
			name = LaunchScreen.storyboard;
			sourceTree = "<group>";
		};
/* End PBXVariantGroup section */

/* Begin XCBuildConfiguration section */
		75E5766B1B7D202A00C58009 /* Debug */ = {
			isa = XCBuildConfiguration;
			buildSettings = {
				ALWAYS_SEARCH_USER_PATHS = NO;
				CLANG_CXX_LANGUAGE_STANDARD = "gnu++0x";
				CLANG_CXX_LIBRARY = "libc++";
				CLANG_ENABLE_MODULES = YES;
				CLANG_ENABLE_OBJC_ARC = YES;
				CLANG_WARN_BOOL_CONVERSION = YES;
				CLANG_WARN_CONSTANT_CONVERSION = YES;
				CLANG_WARN_DIRECT_OBJC_ISA_USAGE = YES_ERROR;
				CLANG_WARN_EMPTY_BODY = YES;
				CLANG_WARN_ENUM_CONVERSION = YES;
				CLANG_WARN_INT_CONVERSION = YES;
				CLANG_WARN_OBJC_ROOT_CLASS = YES_ERROR;
				CLANG_WARN_UNREACHABLE_CODE = YES;
				CLANG_WARN__DUPLICATE_METHOD_MATCH = YES;
				"CODE_SIGN_IDENTITY[sdk=iphoneos*]" = "iPhone Developer";
				COPY_PHASE_STRIP = NO;
				DEBUG_INFORMATION_FORMAT = dwarf;
				ENABLE_STRICT_OBJC_MSGSEND = YES;
				ENABLE_TESTABILITY = YES;
				GCC_C_LANGUAGE_STANDARD = gnu99;
				GCC_DYNAMIC_NO_PIC = NO;
				GCC_NO_COMMON_BLOCKS = YES;
				GCC_OPTIMIZATION_LEVEL = 0;
				GCC_PREPROCESSOR_DEFINITIONS = (
					"DEBUG=1",
					"$(inherited)",
				);
				GCC_WARN_64_TO_32_BIT_CONVERSION = YES;
				GCC_WARN_ABOUT_RETURN_TYPE = YES_ERROR;
				GCC_WARN_UNDECLARED_SELECTOR = YES;
				GCC_WARN_UNINITIALIZED_AUTOS = YES_AGGRESSIVE;
				GCC_WARN_UNUSED_FUNCTION = YES;
				GCC_WARN_UNUSED_VARIABLE = YES;
				IPHONEOS_DEPLOYMENT_TARGET = 9.0;
				MTL_ENABLE_DEBUG_INFO = YES;
				ONLY_ACTIVE_ARCH = YES;
				SDKROOT = iphoneos;
				SWIFT_OPTIMIZATION_LEVEL = "-Onone";
				TARGETED_DEVICE_FAMILY = "1,2";
			};
			name = Debug;
		};
		75E5766C1B7D202A00C58009 /* Release */ = {
			isa = XCBuildConfiguration;
			buildSettings = {
				ALWAYS_SEARCH_USER_PATHS = NO;
				CLANG_CXX_LANGUAGE_STANDARD = "gnu++0x";
				CLANG_CXX_LIBRARY = "libc++";
				CLANG_ENABLE_MODULES = YES;
				CLANG_ENABLE_OBJC_ARC = YES;
				CLANG_WARN_BOOL_CONVERSION = YES;
				CLANG_WARN_CONSTANT_CONVERSION = YES;
				CLANG_WARN_DIRECT_OBJC_ISA_USAGE = YES_ERROR;
				CLANG_WARN_EMPTY_BODY = YES;
				CLANG_WARN_ENUM_CONVERSION = YES;
				CLANG_WARN_INT_CONVERSION = YES;
				CLANG_WARN_OBJC_ROOT_CLASS = YES_ERROR;
				CLANG_WARN_UNREACHABLE_CODE = YES;
				CLANG_WARN__DUPLICATE_METHOD_MATCH = YES;
				"CODE_SIGN_IDENTITY[sdk=iphoneos*]" = "iPhone Developer";
				COPY_PHASE_STRIP = NO;
				DEBUG_INFORMATION_FORMAT = "dwarf-with-dsym";
				ENABLE_NS_ASSERTIONS = NO;
				ENABLE_STRICT_OBJC_MSGSEND = YES;
				GCC_C_LANGUAGE_STANDARD = gnu99;
				GCC_NO_COMMON_BLOCKS = YES;
				GCC_WARN_64_TO_32_BIT_CONVERSION = YES;
				GCC_WARN_ABOUT_RETURN_TYPE = YES_ERROR;
				GCC_WARN_UNDECLARED_SELECTOR = YES;
				GCC_WARN_UNINITIALIZED_AUTOS = YES_AGGRESSIVE;
				GCC_WARN_UNUSED_FUNCTION = YES;
				GCC_WARN_UNUSED_VARIABLE = YES;
				IPHONEOS_DEPLOYMENT_TARGET = 9.0;
				MTL_ENABLE_DEBUG_INFO = NO;
				SDKROOT = iphoneos;
				TARGETED_DEVICE_FAMILY = "1,2";
				VALIDATE_PRODUCT = YES;
			};
			name = Release;
		};
		75E5766E1B7D202A00C58009 /* Debug */ = {
			isa = XCBuildConfiguration;
			buildSettings = {
				ASSETCATALOG_COMPILER_APPICON_NAME = AppIcon;
				CLANG_ENABLE_MODULES = YES;
				INFOPLIST_FILE = HitList/Info.plist;
				LD_RUNPATH_SEARCH_PATHS = "$(inherited) @executable_path/Frameworks";
				PRODUCT_BUNDLE_IDENTIFIER = com.ford.HitList;
				PRODUCT_NAME = "$(TARGET_NAME)";
				SWIFT_OBJC_BRIDGING_HEADER = "HitList-Bridging-Header.h";
				SWIFT_OPTIMIZATION_LEVEL = "-Onone";
			};
			name = Debug;
		};
		75E5766F1B7D202A00C58009 /* Release */ = {
			isa = XCBuildConfiguration;
			buildSettings = {
				ASSETCATALOG_COMPILER_APPICON_NAME = AppIcon;
				CLANG_ENABLE_MODULES = YES;
				INFOPLIST_FILE = HitList/Info.plist;
				LD_RUNPATH_SEARCH_PATHS = "$(inherited) @executable_path/Frameworks";
				PRODUCT_BUNDLE_IDENTIFIER = com.ford.HitList;
				PRODUCT_NAME = "$(TARGET_NAME)";
				SWIFT_OBJC_BRIDGING_HEADER = "HitList-Bridging-Header.h";
			};
			name = Release;
		};
/* End XCBuildConfiguration section */

/* Begin XCConfigurationList section */
		75E576531B7D202A00C58009 /* Build configuration list for PBXProject "HitList" */ = {
			isa = XCConfigurationList;
			buildConfigurations = (
				75E5766B1B7D202A00C58009 /* Debug */,
				75E5766C1B7D202A00C58009 /* Release */,
			);
			defaultConfigurationIsVisible = 0;
			defaultConfigurationName = Release;
		};
		75E5766D1B7D202A00C58009 /* Build configuration list for PBXNativeTarget "HitList" */ = {
			isa = XCConfigurationList;
			buildConfigurations = (
				75E5766E1B7D202A00C58009 /* Debug */,
				75E5766F1B7D202A00C58009 /* Release */,
			);
			defaultConfigurationIsVisible = 0;
			defaultConfigurationName = Release;
		};
/* End XCConfigurationList section */

/* Begin XCVersionGroup section */
		75E576621B7D202A00C58009 /* HitList.xcdatamodeld */ = {
			isa = XCVersionGroup;
			children = (
				75E576631B7D202A00C58009 /* HitList.xcdatamodel */,
			);
			currentVersion = 75E576631B7D202A00C58009 /* HitList.xcdatamodel */;
			path = HitList.xcdatamodeld;
			sourceTree = "<group>";
			versionGroupType = wrapper.xcdatamodel;
		};
/* End XCVersionGroup section */
	};
	rootObject = 75E576501B7D202A00C58009 /* Project object */;
}
